# This file was autogenerated by Stack.
# You should not edit this file by hand.
# For more information, please see the documentation at:
#   https://docs.haskellstack.org/en/stable/topics/lock_files

packages:
- completed:
    hackage: markdown-unlit-0.6.0@sha256:8a26dabe29b98f7ca3cf76afcf52b082431511c03563dc1128be23c91d357994,1763
    pantry-tree:
      sha256: dfa0830978c3b92f2b76919b1f9da2365d772c13e28121db7de9a1295e926f6f
      size: 403
  original:
    hackage: markdown-unlit-0.6.0
snapshots:
- completed:
    sha256: 08bd13ce621b41a8f5e51456b38d5b46d7783ce114a50ab604d6bbab0d002146
    size: 720271
    url: https://raw.githubusercontent.com/commercialhaskell/stackage-snapshots/master/lts/22/43.yaml
  original: lts-22.43
